
Microsoft Visual Studio Solution File, Format Version 12.00
# Visual Studio Version 17
VisualStudioVersion = 17.9.34622.214
MinimumVisualStudioVersion = 10.0.40219.1
Project("{FAE04EC0-301F-11D3-BF4B-00C04F79EFBC}") = "FunDooNotes", "FunDooNotes\FunDooNotes.csproj", "{8D91F1EB-C9C2-4570-B8E6-35F4409E6B36}"
EndProject
Project("{FAE04EC0-301F-11D3-BF4B-00C04F79EFBC}") = "RepositoryLayer", "RepositoryLayer\RepositoryLayer.csproj", "{35572D8C-A50C-43A5-BCF3-817BAB9FB5EC}"
EndProject
Project("{FAE04EC0-301F-11D3-BF4B-00C04F79EFBC}") = "ModelLayer", "ModelLayer\ModelLayer.csproj", "{9F5BE79D-3BCD-44B7-A0A3-9D3CF959C265}"
EndProject
Project("{FAE04EC0-301F-11D3-BF4B-00C04F79EFBC}") = "BusinessLayer", "BusinessLayer\BusinessLayer.csproj", "{08E92F0A-0667-47AE-B15B-153E722C67D4}"
EndProject
Global
	GlobalSection(SolutionConfigurationPlatforms) = preSolution
		Debug|Any CPU = Debug|Any CPU
		Release|Any CPU = Release|Any CPU
	EndGlobalSection
	GlobalSection(ProjectConfigurationPlatforms) = postSolution
		{8D91F1EB-C9C2-4570-B8E6-35F4409E6B36}.Debug|Any CPU.ActiveCfg = Debug|Any CPU
		{8D91F1EB-C9C2-4570-B8E6-35F4409E6B36}.Debug|Any CPU.Build.0 = Debug|Any CPU
		{8D91F1EB-C9C2-4570-B8E6-35F4409E6B36}.Release|Any CPU.ActiveCfg = Release|Any CPU
		{8D91F1EB-C9C2-4570-B8E6-35F4409E6B36}.Release|Any CPU.Build.0 = Release|Any CPU
		{35572D8C-A50C-43A5-BCF3-817BAB9FB5EC}.Debug|Any CPU.ActiveCfg = Debug|Any CPU
		{35572D8C-A50C-43A5-BCF3-817BAB9FB5EC}.Debug|Any CPU.Build.0 = Debug|Any CPU
		{35572D8C-A50C-43A5-BCF3-817BAB9FB5EC}.Release|Any CPU.ActiveCfg = Release|Any CPU
		{35572D8C-A50C-43A5-BCF3-817BAB9FB5EC}.Release|Any CPU.Build.0 = Release|Any CPU
		{9F5BE79D-3BCD-44B7-A0A3-9D3CF959C265}.Debug|Any CPU.ActiveCfg = Debug|Any CPU
		{9F5BE79D-3BCD-44B7-A0A3-9D3CF959C265}.Debug|Any CPU.Build.0 = Debug|Any CPU
		{9F5BE79D-3BCD-44B7-A0A3-9D3CF959C265}.Release|Any CPU.ActiveCfg = Release|Any CPU
		{9F5BE79D-3BCD-44B7-A0A3-9D3CF959C265}.Release|Any CPU.Build.0 = Release|Any CPU
		{08E92F0A-0667-47AE-B15B-153E722C67D4}.Debug|Any CPU.ActiveCfg = Debug|Any CPU
		{08E92F0A-0667-47AE-B15B-153E722C67D4}.Debug|Any CPU.Build.0 = Debug|Any CPU
		{08E92F0A-0667-47AE-B15B-153E722C67D4}.Release|Any CPU.ActiveCfg = Release|Any CPU
		{08E92F0A-0667-47AE-B15B-153E722C67D4}.Release|Any CPU.Build.0 = Release|Any CPU
	EndGlobalSection
	GlobalSection(SolutionProperties) = preSolution
		HideSolutionNode = FALSE
	EndGlobalSection
	GlobalSection(ExtensibilityGlobals) = postSolution
		SolutionGuid = {6048F4A9-5959-4DC0-86D1-9B94FC39401A}
	EndGlobalSection
EndGlobal
